// !$*UTF8*$!
{
	archiveVersion = 1;
	classes = {
	};
	objectVersion = 46;
	objects = {

/* Begin PBXBuildFile section */
		34601C191D041320007B6755 /* AppDelegate.swift in Sources */ = {isa = PBXBuildFile; fileRef = 34601C181D041320007B6755 /* AppDelegate.swift */; };
		34601C1B1D041320007B6755 /* ViewController.swift in Sources */ = {isa = PBXBuildFile; fileRef = 34601C1A1D041320007B6755 /* ViewController.swift */; };
		34601C1E1D041320007B6755 /* Main.storyboard in Resources */ = {isa = PBXBuildFile; fileRef = 34601C1C1D041320007B6755 /* Main.storyboard */; };
		34601C201D041320007B6755 /* Assets.xcassets in Resources */ = {isa = PBXBuildFile; fileRef = 34601C1F1D041320007B6755 /* Assets.xcassets */; };
		34601C231D041320007B6755 /* LaunchScreen.storyboard in Resources */ = {isa = PBXBuildFile; fileRef = 34601C211D041320007B6755 /* LaunchScreen.storyboard */; };
		34601C2E1D041320007B6755 /* study20160605Tests.swift in Sources */ = {isa = PBXBuildFile; fileRef = 34601C2D1D041320007B6755 /* study20160605Tests.swift */; };
		34601C391D041320007B6755 /* study20160605UITests.swift in Sources */ = {isa = PBXBuildFile; fileRef = 34601C381D041320007B6755 /* study20160605UITests.swift */; };
/* End PBXBuildFile section */

/* Begin PBXContainerItemProxy section */
		34601C2A1D041320007B6755 /* PBXContainerItemProxy */ = {
			isa = PBXContainerItemProxy;
			containerPortal = 34601C0D1D041320007B6755 /* Project object */;
			proxyType = 1;
			remoteGlobalIDString = 34601C141D041320007B6755;
			remoteInfo = study20160605;
		};
		34601C351D041320007B6755 /* PBXContainerItemProxy */ = {
			isa = PBXContainerItemProxy;
			containerPortal = 34601C0D1D041320007B6755 /* Project object */;
			proxyType = 1;
			remoteGlobalIDString = 34601C141D041320007B6755;
			remoteInfo = study20160605;
		};
/* End PBXContainerItemProxy section */

/* Begin PBXFileReference section */
		34601C151D041320007B6755 /* study20160605.app */ = {isa = PBXFileReference; explicitFileType = wrapper.application; includeInIndex = 0; path = study20160605.app; sourceTree = BUILT_PRODUCTS_DIR; };
		34601C181D041320007B6755 /* AppDelegate.swift */ = {isa = PBXFileReference; lastKnownFileType = sourcecode.swift; path = AppDelegate.swift; sourceTree = "<group>"; };
		34601C1A1D041320007B6755 /* ViewController.swift */ = {isa = PBXFileReference; lastKnownFileType = sourcecode.swift; path = ViewController.swift; sourceTree = "<group>"; };
		34601C1D1D041320007B6755 /* Base */ = {isa = PBXFileReference; lastKnownFileType = file.storyboard; name = Base; path = Base.lproj/Main.storyboard; sourceTree = "<group>"; };
		34601C1F1D041320007B6755 /* Assets.xcassets */ = {isa = PBXFileReference; lastKnownFileType = folder.assetcatalog; path = Assets.xcassets; sourceTree = "<group>"; };
		34601C221D041320007B6755 /* Base */ = {isa = PBXFileReference; lastKnownFileType = file.storyboard; name = Base; path = Base.lproj/LaunchScreen.storyboard; sourceTree = "<group>"; };
		34601C241D041320007B6755 /* Info.plist */ = {isa = PBXFileReference; lastKnownFileType = text.plist.xml; path = Info.plist; sourceTree = "<group>"; };
		34601C291D041320007B6755 /* study20160605Tests.xctest */ = {isa = PBXFileReference; explicitFileType = wrapper.cfbundle; includeInIndex = 0; path = study20160605Tests.xctest; sourceTree = BUILT_PRODUCTS_DIR; };
		34601C2D1D041320007B6755 /* study20160605Tests.swift */ = {isa = PBXFileReference; lastKnownFileType = sourcecode.swift; path = study20160605Tests.swift; sourceTree = "<group>"; };
		34601C2F1D041320007B6755 /* Info.plist */ = {isa = PBXFileReference; lastKnownFileType = text.plist.xml; path = Info.plist; sourceTree = "<group>"; };
		34601C341D041320007B6755 /* study20160605UITests.xctest */ = {isa = PBXFileReference; explicitFileType = wrapper.cfbundle; includeInIndex = 0; path = study20160605UITests.xctest; sourceTree = BUILT_PRODUCTS_DIR; };
		34601C381D041320007B6755 /* study20160605UITests.swift */ = {isa = PBXFileReference; lastKnownFileType = sourcecode.swift; path = study20160605UITests.swift; sourceTree = "<group>"; };
		34601C3A1D041320007B6755 /* Info.plist */ = {isa = PBXFileReference; lastKnownFileType = text.plist.xml; path = Info.plist; sourceTree = "<group>"; };
/* End PBXFileReference section */

/* Begin PBXFrameworksBuildPhase section */
		34601C121D041320007B6755 /* Frameworks */ = {
			isa = PBXFrameworksBuildPhase;
			buildActionMask = 2147483647;
			files = (
			);
			runOnlyForDeploymentPostprocessing = 0;
		};
		34601C261D041320007B6755 /* Frameworks */ = {
			isa = PBXFrameworksBuildPhase;
			buildActionMask = 2147483647;
			files = (
			);
			runOnlyForDeploymentPostprocessing = 0;
		};
		34601C311D041320007B6755 /* Frameworks */ = {
			isa = PBXFrameworksBuildPhase;
			buildActionMask = 2147483647;
			files = (
			);
			runOnlyForDeploymentPostprocessing = 0;
		};
/* End PBXFrameworksBuildPhase section */

/* Begin PBXGroup section */
		34601C0C1D041320007B6755 = {
			isa = PBXGroup;
			children = (
				34601C171D041320007B6755 /* study20160605 */,
				34601C2C1D041320007B6755 /* study20160605Tests */,
				34601C371D041320007B6755 /* study20160605UITests */,
				34601C161D041320007B6755 /* Products */,
			);
			sourceTree = "<group>";
		};
		34601C161D041320007B6755 /* Products */ = {
			isa = PBXGroup;
			children = (
				34601C151D041320007B6755 /* study20160605.app */,
				34601C291D041320007B6755 /* study20160605Tests.xctest */,
				34601C341D041320007B6755 /* study20160605UITests.xctest */,
			);
			name = Products;
			sourceTree = "<group>";
		};
		34601C171D041320007B6755 /* study20160605 */ = {
			isa = PBXGroup;
			children = (
				34601C181D041320007B6755 /* AppDelegate.swift */,
				34601C1A1D041320007B6755 /* ViewController.swift */,
				34601C1C1D041320007B6755 /* Main.storyboard */,
				34601C1F1D041320007B6755 /* Assets.xcassets */,
				34601C211D041320007B6755 /* LaunchScreen.storyboard */,
				34601C241D041320007B6755 /* Info.plist */,
			);
			path = study20160605;
			sourceTree = "<group>";
		};
		34601C2C1D041320007B6755 /* study20160605Tests */ = {
			isa = PBXGroup;
			children = (
				34601C2D1D041320007B6755 /* study20160605Tests.swift */,
				34601C2F1D041320007B6755 /* Info.plist */,
			);
			path = study20160605Tests;
			sourceTree = "<group>";
		};
		34601C371D041320007B6755 /* study20160605UITests */ = {
			isa = PBXGroup;
			children = (
				34601C381D041320007B6755 /* study20160605UITests.swift */,
				34601C3A1D041320007B6755 /* Info.plist */,
			);
			path = study20160605UITests;
			sourceTree = "<group>";
		};
/* End PBXGroup section */

/* Begin PBXNativeTarget section */
		34601C141D041320007B6755 /* study20160605 */ = {
			isa = PBXNativeTarget;
			buildConfigurationList = 34601C3D1D041320007B6755 /* Build configuration list for PBXNativeTarget "study20160605" */;
			buildPhases = (
				34601C111D041320007B6755 /* Sources */,
				34601C121D041320007B6755 /* Frameworks */,
				34601C131D041320007B6755 /* Resources */,
			);
			buildRules = (
			);
			dependencies = (
			);
			name = study20160605;
			productName = study20160605;
			productReference = 34601C151D041320007B6755 /* study20160605.app */;
			productType = "com.apple.product-type.application";
		};
		34601C281D041320007B6755 /* study20160605Tests */ = {
			isa = PBXNativeTarget;
			buildConfigurationList = 34601C401D041320007B6755 /* Build configuration list for PBXNativeTarget "study20160605Tests" */;
			buildPhases = (
				34601C251D041320007B6755 /* Sources */,
				34601C261D041320007B6755 /* Frameworks */,
				34601C271D041320007B6755 /* Resources */,
			);
			buildRules = (
			);
			dependencies = (
				34601C2B1D041320007B6755 /* PBXTargetDependency */,
			);
			name = study20160605Tests;
			productName = study20160605Tests;
			productReference = 34601C291D041320007B6755 /* study20160605Tests.xctest */;
			productType = "com.apple.product-type.bundle.unit-test";
		};
		34601C331D041320007B6755 /* study20160605UITests */ = {
			isa = PBXNativeTarget;
			buildConfigurationList = 34601C431D041320007B6755 /* Build configuration list for PBXNativeTarget "study20160605UITests" */;
			buildPhases = (
				34601C301D041320007B6755 /* Sources */,
				34601C311D041320007B6755 /* Frameworks */,
				34601C321D041320007B6755 /* Resources */,
			);
			buildRules = (
			);
			dependencies = (
				34601C361D041320007B6755 /* PBXTargetDependency */,
			);
			name = study20160605UITests;
			productName = study20160605UITests;
			productReference = 34601C341D041320007B6755 /* study20160605UITests.xctest */;
			productType = "com.apple.product-type.bundle.ui-testing";
		};
/* End PBXNativeTarget section */

/* Begin PBXProject section */
		34601C0D1D041320007B6755 /* Project object */ = {
			isa = PBXProject;
			attributes = {
				LastSwiftUpdateCheck = 0730;
				LastUpgradeCheck = 0730;
				ORGANIZATIONNAME = mocchicc;
				TargetAttributes = {
					34601C141D041320007B6755 = {
						CreatedOnToolsVersion = 7.3.1;
					};
					34601C281D041320007B6755 = {
						CreatedOnToolsVersion = 7.3.1;
						TestTargetID = 34601C141D041320007B6755;
					};
					34601C331D041320007B6755 = {
						CreatedOnToolsVersion = 7.3.1;
						TestTargetID = 34601C141D041320007B6755;
					};
				};
			};
			buildConfigurationList = 34601C101D041320007B6755 /* Build configuration list for PBXProject "study20160605" */;
			compatibilityVersion = "Xcode 3.2";
			developmentRegion = English;
			hasScannedForEncodings = 0;
			knownRegions = (
				en,
				Base,
			);
			mainGroup = 34601C0C1D041320007B6755;
			productRefGroup = 34601C161D041320007B6755 /* Products */;
			projectDirPath = "";
			projectRoot = "";
			targets = (
				34601C141D041320007B6755 /* study20160605 */,
				34601C281D041320007B6755 /* study20160605Tests */,
				34601C331D041320007B6755 /* study20160605UITests */,
			);
		};
/* End PBXProject section */

/* Begin PBXResourcesBuildPhase section */
		34601C131D041320007B6755 /* Resources */ = {
			isa = PBXResourcesBuildPhase;
			buildActionMask = 2147483647;
			files = (
				34601C231D041320007B6755 /* LaunchScreen.storyboard in Resources */,
				34601C201D041320007B6755 /* Assets.xcassets in Resources */,
				34601C1E1D041320007B6755 /* Main.storyboard in Resources */,
			);
			runOnlyForDeploymentPostprocessing = 0;
		};
		34601C271D041320007B6755 /* Resources */ = {
			isa = PBXResourcesBuildPhase;
			buildActionMask = 2147483647;
			files = (
			);
			runOnlyForDeploymentPostprocessing = 0;
		};
		34601C321D041320007B6755 /* Resources */ = {
			isa = PBXResourcesBuildPhase;
			buildActionMask = 2147483647;
			files = (
			);
			runOnlyForDeploymentPostprocessing = 0;
		};
/* End PBXResourcesBuildPhase section */

/* Begin PBXSourcesBuildPhase section */
		34601C111D041320007B6755 /* Sources */ = {
			isa = PBXSourcesBuildPhase;
			buildActionMask = 2147483647;
			files = (
				34601C1B1D041320007B6755 /* ViewController.swift in Sources */,
				34601C191D041320007B6755 /* AppDelegate.swift in Sources */,
			);
			runOnlyForDeploymentPostprocessing = 0;
		};
		34601C251D041320007B6755 /* Sources */ = {
			isa = PBXSourcesBuildPhase;
			buildActionMask = 2147483647;
			files = (
				34601C2E1D041320007B6755 /* study20160605Tests.swift in Sources */,
			);
			runOnlyForDeploymentPostprocessing = 0;
		};
		34601C301D041320007B6755 /* Sources */ = {
			isa = PBXSourcesBuildPhase;
			buildActionMask = 2147483647;
			files = (
				34601C391D041320007B6755 /* study20160605UITests.swift in Sources */,
			);
			runOnlyForDeploymentPostprocessing = 0;
		};
/* End PBXSourcesBuildPhase section */

/* Begin PBXTargetDependency section */
		34601C2B1D041320007B6755 /* PBXTargetDependency */ = {
			isa = PBXTargetDependency;
			target = 34601C141D041320007B6755 /* study20160605 */;
			targetProxy = 34601C2A1D041320007B6755 /* PBXContainerItemProxy */;
		};
		34601C361D041320007B6755 /* PBXTargetDependency */ = {
			isa = PBXTargetDependency;
			target = 34601C141D041320007B6755 /* study20160605 */;
			targetProxy = 34601C351D041320007B6755 /* PBXContainerItemProxy */;
		};
/* End PBXTargetDependency section */

/* Begin PBXVariantGroup section */
		34601C1C1D041320007B6755 /* Main.storyboard */ = {
			isa = PBXVariantGroup;
			children = (
				34601C1D1D041320007B6755 /* Base */,
			);
			name = Main.storyboard;
			sourceTree = "<group>";
		};
		34601C211D041320007B6755 /* LaunchScreen.storyboard */ = {
			isa = PBXVariantGroup;
			children = (
				34601C221D041320007B6755 /* Base */,
			);
			name = LaunchScreen.storyboard;
			sourceTree = "<group>";
		};
/* End PBXVariantGroup section */

/* Begin XCBuildConfiguration section */
		34601C3B1D041320007B6755 /* Debug */ = {
			isa = XCBuildConfiguration;
			buildSettings = {
				ALWAYS_SEARCH_USER_PATHS = NO;
				CLANG_ANALYZER_NONNULL = YES;
				CLANG_CXX_LANGUAGE_STANDARD = "gnu++0x";
				CLANG_CXX_LIBRARY = "libc++";
				CLANG_ENABLE_MODULES = YES;
				CLANG_ENABLE_OBJC_ARC = YES;
				CLANG_WARN_BOOL_CONVERSION = YES;
				CLANG_WARN_CONSTANT_CONVERSION = YES;
				CLANG_WARN_DIRECT_OBJC_ISA_USAGE = YES_ERROR;
				CLANG_WARN_EMPTY_BODY = YES;
				CLANG_WARN_ENUM_CONVERSION = YES;
				CLANG_WARN_INT_CONVERSION = YES;
				CLANG_WARN_OBJC_ROOT_CLASS = YES_ERROR;
				CLANG_WARN_UNREACHABLE_CODE = YES;
				CLANG_WARN__DUPLICATE_METHOD_MATCH = YES;
				"CODE_SIGN_IDENTITY[sdk=iphoneos*]" = "iPhone Developer";
				COPY_PHASE_STRIP = NO;
				DEBUG_INFORMATION_FORMAT = dwarf;
				ENABLE_STRICT_OBJC_MSGSEND = YES;
				ENABLE_TESTABILITY = YES;
				GCC_C_LANGUAGE_STANDARD = gnu99;
				GCC_DYNAMIC_NO_PIC = NO;
				GCC_NO_COMMON_BLOCKS = YES;
				GCC_OPTIMIZATION_LEVEL = 0;
				GCC_PREPROCESSOR_DEFINITIONS = (
					"DEBUG=1",
					"$(inherited)",
				);
				GCC_WARN_64_TO_32_BIT_CONVERSION = YES;
				GCC_WARN_ABOUT_RETURN_TYPE = YES_ERROR;
				GCC_WARN_UNDECLARED_SELECTOR = YES;
				GCC_WARN_UNINITIALIZED_AUTOS = YES_AGGRESSIVE;
				GCC_WARN_UNUSED_FUNCTION = YES;
				GCC_WARN_UNUSED_VARIABLE = YES;
				IPHONEOS_DEPLOYMENT_TARGET = 9.3;
				MTL_ENABLE_DEBUG_INFO = YES;
				ONLY_ACTIVE_ARCH = YES;
				SDKROOT = iphoneos;
				SWIFT_OPTIMIZATION_LEVEL = "-Onone";
				TARGETED_DEVICE_FAMILY = "1,2";
			};
			name = Debug;
		};
		34601C3C1D041320007B6755 /* Release */ = {
			isa = XCBuildConfiguration;
			buildSettings = {
				ALWAYS_SEARCH_USER_PATHS = NO;
				CLANG_ANALYZER_NONNULL = YES;
				CLANG_CXX_LANGUAGE_STANDARD = "gnu++0x";
				CLANG_CXX_LIBRARY = "libc++";
				CLANG_ENABLE_MODULES = YES;
				CLANG_ENABLE_OBJC_ARC = YES;
				CLANG_WARN_BOOL_CONVERSION = YES;
				CLANG_WARN_CONSTANT_CONVERSION = YES;
				CLANG_WARN_DIRECT_OBJC_ISA_USAGE = YES_ERROR;
				CLANG_WARN_EMPTY_BODY = YES;
				CLANG_WARN_ENUM_CONVERSION = YES;
				CLANG_WARN_INT_CONVERSION = YES;
				CLANG_WARN_OBJC_ROOT_CLASS = YES_ERROR;
				CLANG_WARN_UNREACHABLE_CODE = YES;
				CLANG_WARN__DUPLICATE_METHOD_MATCH = YES;
				"CODE_SIGN_IDENTITY[sdk=iphoneos*]" = "iPhone Developer";
				COPY_PHASE_STRIP = NO;
				DEBUG_INFORMATION_FORMAT = "dwarf-with-dsym";
				ENABLE_NS_ASSERTIONS = NO;
				ENABLE_STRICT_OBJC_MSGSEND = YES;
				GCC_C_LANGUAGE_STANDARD = gnu99;
				GCC_NO_COMMON_BLOCKS = YES;
				GCC_WARN_64_TO_32_BIT_CONVERSION = YES;
				GCC_WARN_ABOUT_RETURN_TYPE = YES_ERROR;
				GCC_WARN_UNDECLARED_SELECTOR = YES;
				GCC_WARN_UNINITIALIZED_AUTOS = YES_AGGRESSIVE;
				GCC_WARN_UNUSED_FUNCTION = YES;
				GCC_WARN_UNUSED_VARIABLE = YES;
				IPHONEOS_DEPLOYMENT_TARGET = 9.3;
				MTL_ENABLE_DEBUG_INFO = NO;
				SDKROOT = iphoneos;
				TARGETED_DEVICE_FAMILY = "1,2";
				VALIDATE_PRODUCT = YES;
			};
			name = Release;
		};
		34601C3E1D041320007B6755 /* Debug */ = {
			isa = XCBuildConfiguration;
			buildSettings = {
				ASSETCATALOG_COMPILER_APPICON_NAME = AppIcon;
				INFOPLIST_FILE = study20160605/Info.plist;
				IPHONEOS_DEPLOYMENT_TARGET = 9.0;
				LD_RUNPATH_SEARCH_PATHS = "$(inherited) @executable_path/Frameworks";
				PRODUCT_BUNDLE_IDENTIFIER = mocchicc.study20160605;
				PRODUCT_NAME = "$(TARGET_NAME)";
				TARGETED_DEVICE_FAMILY = 1;
			};
			name = Debug;
		};
		34601C3F1D041320007B6755 /* Release */ = {
			isa = XCBuildConfiguration;
			buildSettings = {
				ASSETCATALOG_COMPILER_APPICON_NAME = AppIcon;
				INFOPLIST_FILE = study20160605/Info.plist;
				IPHONEOS_DEPLOYMENT_TARGET = 9.0;
				LD_RUNPATH_SEARCH_PATHS = "$(inherited) @executable_path/Frameworks";
				PRODUCT_BUNDLE_IDENTIFIER = mocchicc.study20160605;
				PRODUCT_NAME = "$(TARGET_NAME)";
				TARGETED_DEVICE_FAMILY = 1;
			};
			name = Release;
		};
		34601C411D041320007B6755 /* Debug */ = {
			isa = XCBuildConfiguration;
			buildSettings = {
				BUNDLE_LOADER = "$(TEST_HOST)";
				INFOPLIST_FILE = study20160605Tests/Info.plist;
				LD_RUNPATH_SEARCH_PATHS = "$(inherited) @executable_path/Frameworks @loader_path/Frameworks";
				PRODUCT_BUNDLE_IDENTIFIER = mocchicc.study20160605Tests;
				PRODUCT_NAME = "$(TARGET_NAME)";
				TEST_HOST = "$(BUILT_PRODUCTS_DIR)/study20160605.app/study20160605";
			};
			name = Debug;
		};
		34601C421D041320007B6755 /* Release */ = {
			isa = XCBuildConfiguration;
			buildSettings = {
				BUNDLE_LOADER = "$(TEST_HOST)";
				INFOPLIST_FILE = study20160605Tests/Info.plist;
				LD_RUNPATH_SEARCH_PATHS = "$(inherited) @executable_path/Frameworks @loader_path/Frameworks";
				PRODUCT_BUNDLE_IDENTIFIER = mocchicc.study20160605Tests;
				PRODUCT_NAME = "$(TARGET_NAME)";
				TEST_HOST = "$(BUILT_PRODUCTS_DIR)/study20160605.app/study20160605";
			};
			name = Release;
		};
		34601C441D041320007B6755 /* Debug */ = {
			isa = XCBuildConfiguration;
			buildSettings = {
				INFOPLIST_FILE = study20160605UITests/Info.plist;
				LD_RUNPATH_SEARCH_PATHS = "$(inherited) @executable_path/Frameworks @loader_path/Frameworks";
				PRODUCT_BUNDLE_IDENTIFIER = mocchicc.study20160605UITests;
				PRODUCT_NAME = "$(TARGET_NAME)";
				TEST_TARGET_NAME = study20160605;
			};
			name = Debug;
		};
		34601C451D041320007B6755 /* Release */ = {
			isa = XCBuildConfiguration;
			buildSettings = {
				INFOPLIST_FILE = study20160605UITests/Info.plist;
				LD_RUNPATH_SEARCH_PATHS = "$(inherited) @executable_path/Frameworks @loader_path/Frameworks";
				PRODUCT_BUNDLE_IDENTIFIER = mocchicc.study20160605UITests;
				PRODUCT_NAME = "$(TARGET_NAME)";
				TEST_TARGET_NAME = study20160605;
			};
			name = Release;
		};
/* End XCBuildConfiguration section */

/* Begin XCConfigurationList section */
		34601C101D041320007B6755 /* Build configuration list for PBXProject "study20160605" */ = {
			isa = XCConfigurationList;
			buildConfigurations = (
				34601C3B1D041320007B6755 /* Debug */,
				34601C3C1D041320007B6755 /* Release */,
			);
			defaultConfigurationIsVisible = 0;
			defaultConfigurationName = Release;
		};
		34601C3D1D041320007B6755 /* Build configuration list for PBXNativeTarget "study20160605" */ = {
			isa = XCConfigurationList;
			buildConfigurations = (
				34601C3E1D041320007B6755 /* Debug */,
				34601C3F1D041320007B6755 /* Release */,
			);
			defaultConfigurationIsVisible = 0;
		};
		34601C401D041320007B6755 /* Build configuration list for PBXNativeTarget "study20160605Tests" */ = {
			isa = XCConfigurationList;
			buildConfigurations = (
				34601C411D041320007B6755 /* Debug */,
				34601C421D041320007B6755 /* Release */,
			);
			defaultConfigurationIsVisible = 0;
		};
		34601C431D041320007B6755 /* Build configuration list for PBXNativeTarget "study20160605UITests" */ = {
			isa = XCConfigurationList;
			buildConfigurations = (
				34601C441D041320007B6755 /* Debug */,
				34601C451D041320007B6755 /* Release */,
			);
			defaultConfigurationIsVisible = 0;
		};
/* End XCConfigurationList section */
	};
	rootObject = 34601C0D1D041320007B6755 /* Project object */;
}
